
Microsoft Visual Studio Solution File, Format Version 12.00
# Visual Studio Version 16
VisualStudioVersion = 16.0.31605.320
MinimumVisualStudioVersion = 10.0.40219.1
Project("{9A19103F-16F7-4668-BE54-9A1E7A4F7556}") = "DAL", "EFCore\DAL.csproj", "{4284A84C-3276-45DE-BF8E-3D70B6E0C435}"
EndProject
Project("{9A19103F-16F7-4668-BE54-9A1E7A4F7556}") = "WebApp", "WebApp\WebApp.csproj", "{9616EAB4-7736-4D0E-973A-3BDDD186DBF5}"
EndProject
Project("{FAE04EC0-301F-11D3-BF4B-00C04F79EFBC}") = "WebAPI", "WebAPI\WebAPI.csproj", "{41259726-89D7-4362-A4AD-17C5BD10E91D}"
EndProject
Global
	GlobalSection(SolutionConfigurationPlatforms) = preSolution
		Debug|Any CPU = Debug|Any CPU
		Release|Any CPU = Release|Any CPU
	EndGlobalSection
	GlobalSection(ProjectConfigurationPlatforms) = postSolution
		{4284A84C-3276-45DE-BF8E-3D70B6E0C435}.Debug|Any CPU.ActiveCfg = Debug|Any CPU
		{4284A84C-3276-45DE-BF8E-3D70B6E0C435}.Debug|Any CPU.Build.0 = Debug|Any CPU
		{4284A84C-3276-45DE-BF8E-3D70B6E0C435}.Release|Any CPU.ActiveCfg = Release|Any CPU
		{4284A84C-3276-45DE-BF8E-3D70B6E0C435}.Release|Any CPU.Build.0 = Release|Any CPU
		{9616EAB4-7736-4D0E-973A-3BDDD186DBF5}.Debug|Any CPU.ActiveCfg = Debug|Any CPU
		{9616EAB4-7736-4D0E-973A-3BDDD186DBF5}.Debug|Any CPU.Build.0 = Debug|Any CPU
		{9616EAB4-7736-4D0E-973A-3BDDD186DBF5}.Release|Any CPU.ActiveCfg = Release|Any CPU
		{9616EAB4-7736-4D0E-973A-3BDDD186DBF5}.Release|Any CPU.Build.0 = Release|Any CPU
		{41259726-89D7-4362-A4AD-17C5BD10E91D}.Debug|Any CPU.ActiveCfg = Debug|Any CPU
		{41259726-89D7-4362-A4AD-17C5BD10E91D}.Debug|Any CPU.Build.0 = Debug|Any CPU
		{41259726-89D7-4362-A4AD-17C5BD10E91D}.Release|Any CPU.ActiveCfg = Release|Any CPU
		{41259726-89D7-4362-A4AD-17C5BD10E91D}.Release|Any CPU.Build.0 = Release|Any CPU
	EndGlobalSection
	GlobalSection(SolutionProperties) = preSolution
		HideSolutionNode = FALSE
	EndGlobalSection
	GlobalSection(ExtensibilityGlobals) = postSolution
		SolutionGuid = {1CE4AFBC-0652-44D4-9252-500EF420F54F}
	EndGlobalSection
EndGlobal
